
Microsoft Visual Studio Solution File, Format Version 12.00
# Visual Studio 14
VisualStudioVersion = 14.0.25420.1
MinimumVisualStudioVersion = 10.0.40219.1
Project("{FAE04EC0-301F-11D3-BF4B-00C04F79EFBC}") = "Master Diction", "Master Diction\Master Diction.csproj", "{0876A641-5CC8-44A5-9F76-1675774BF9FF}"
EndProject
Project("{FAE04EC0-301F-11D3-BF4B-00C04F79EFBC}") = "Server", "Server\Server.csproj", "{D1AEFA8C-8191-4D31-A536-D7C1DBDC11F9}"
EndProject
Project("{54435603-DBB4-11D2-8724-00A0C9A8B90C}") = "Setup", "Setup\Setup.vdproj", "{FA206FCF-8D95-4122-B4A4-9931312D4CAA}"
EndProject
Project("{FAE04EC0-301F-11D3-BF4B-00C04F79EFBC}") = "Diction Master - Client", "Diction Master\Diction Master - Client.csproj", "{1940D0EF-3F3E-4F3C-9D92-265F5DB3523A}"
EndProject
Project("{FAE04EC0-301F-11D3-BF4B-00C04F79EFBC}") = "Diction Master - Server", "Diction Master - Server\Diction Master - Server.csproj", "{181CE5AC-2DD2-4018-93BC-17EA02703968}"
EndProject
Project("{FAE04EC0-301F-11D3-BF4B-00C04F79EFBC}") = "Diction Master - Library", "Diction Master - Library\Diction Master - Library.csproj", "{DFFC9696-8DF3-4362-8DED-48500E0C3366}"
EndProject
Global
	GlobalSection(SolutionConfigurationPlatforms) = preSolution
		Debug|Any CPU = Debug|Any CPU
		Release|Any CPU = Release|Any CPU
	EndGlobalSection
	GlobalSection(ProjectConfigurationPlatforms) = postSolution
		{0876A641-5CC8-44A5-9F76-1675774BF9FF}.Debug|Any CPU.ActiveCfg = Debug|Any CPU
		{0876A641-5CC8-44A5-9F76-1675774BF9FF}.Debug|Any CPU.Build.0 = Debug|Any CPU
		{0876A641-5CC8-44A5-9F76-1675774BF9FF}.Release|Any CPU.ActiveCfg = Release|Any CPU
		{0876A641-5CC8-44A5-9F76-1675774BF9FF}.Release|Any CPU.Build.0 = Release|Any CPU
		{D1AEFA8C-8191-4D31-A536-D7C1DBDC11F9}.Debug|Any CPU.ActiveCfg = Debug|Any CPU
		{D1AEFA8C-8191-4D31-A536-D7C1DBDC11F9}.Debug|Any CPU.Build.0 = Debug|Any CPU
		{D1AEFA8C-8191-4D31-A536-D7C1DBDC11F9}.Release|Any CPU.ActiveCfg = Release|Any CPU
		{D1AEFA8C-8191-4D31-A536-D7C1DBDC11F9}.Release|Any CPU.Build.0 = Release|Any CPU
		{FA206FCF-8D95-4122-B4A4-9931312D4CAA}.Debug|Any CPU.ActiveCfg = Debug
		{FA206FCF-8D95-4122-B4A4-9931312D4CAA}.Release|Any CPU.ActiveCfg = Release
		{1940D0EF-3F3E-4F3C-9D92-265F5DB3523A}.Debug|Any CPU.ActiveCfg = Debug|Any CPU
		{1940D0EF-3F3E-4F3C-9D92-265F5DB3523A}.Debug|Any CPU.Build.0 = Debug|Any CPU
		{1940D0EF-3F3E-4F3C-9D92-265F5DB3523A}.Release|Any CPU.ActiveCfg = Release|Any CPU
		{1940D0EF-3F3E-4F3C-9D92-265F5DB3523A}.Release|Any CPU.Build.0 = Release|Any CPU
		{181CE5AC-2DD2-4018-93BC-17EA02703968}.Debug|Any CPU.ActiveCfg = Debug|Any CPU
		{181CE5AC-2DD2-4018-93BC-17EA02703968}.Debug|Any CPU.Build.0 = Debug|Any CPU
		{181CE5AC-2DD2-4018-93BC-17EA02703968}.Release|Any CPU.ActiveCfg = Release|Any CPU
		{181CE5AC-2DD2-4018-93BC-17EA02703968}.Release|Any CPU.Build.0 = Release|Any CPU
		{DFFC9696-8DF3-4362-8DED-48500E0C3366}.Debug|Any CPU.ActiveCfg = Debug|Any CPU
		{DFFC9696-8DF3-4362-8DED-48500E0C3366}.Debug|Any CPU.Build.0 = Debug|Any CPU
		{DFFC9696-8DF3-4362-8DED-48500E0C3366}.Release|Any CPU.ActiveCfg = Release|Any CPU
		{DFFC9696-8DF3-4362-8DED-48500E0C3366}.Release|Any CPU.Build.0 = Release|Any CPU
	EndGlobalSection
	GlobalSection(SolutionProperties) = preSolution
		HideSolutionNode = FALSE
	EndGlobalSection
EndGlobal
